
Microsoft Visual Studio Solution File, Format Version 12.00
# Visual Studio Version 17
VisualStudioVersion = 17.14.36408.4
MinimumVisualStudioVersion = 10.0.40219.1
Project("{FAE04EC0-301F-11D3-BF4B-00C04F79EFBC}") = "ReviewHall-Services", "ReviewHall-Services\ReviewHall-Services.csproj", "{B382F337-BF21-9F13-CC54-278908B55261}"
EndProject
Project("{FAE04EC0-301F-11D3-BF4B-00C04F79EFBC}") = "ReviewHall.Infrastructure", "ReviewHall.Infrastructure\ReviewHall.Infrastructure.csproj", "{5B2E9B66-00BE-65E7-8FB1-03D670657601}"
EndProject
Project("{FAE04EC0-301F-11D3-BF4B-00C04F79EFBC}") = "ReviewHall.Web", "ReviewHall.Web\ReviewHall.Web.csproj", "{46BA2CD7-6A98-79B2-9E1B-83A5EDE9013B}"
EndProject
Project("{FAE04EC0-301F-11D3-BF4B-00C04F79EFBC}") = "ReviewHall.Core", "ReviewHall.Core\ReviewHall.Core.csproj", "{477945C1-7DF0-6872-A71D-3677630EBA3F}"
EndProject
Global
	GlobalSection(SolutionConfigurationPlatforms) = preSolution
		Debug|Any CPU = Debug|Any CPU
		Debug|x64 = Debug|x64
		Debug|x86 = Debug|x86
		Release|Any CPU = Release|Any CPU
		Release|x64 = Release|x64
		Release|x86 = Release|x86
	EndGlobalSection
	GlobalSection(ProjectConfigurationPlatforms) = postSolution
		{B382F337-BF21-9F13-CC54-278908B55261}.Debug|Any CPU.ActiveCfg = Debug|Any CPU
		{B382F337-BF21-9F13-CC54-278908B55261}.Debug|Any CPU.Build.0 = Debug|Any CPU
		{B382F337-BF21-9F13-CC54-278908B55261}.Debug|x64.ActiveCfg = Debug|Any CPU
		{B382F337-BF21-9F13-CC54-278908B55261}.Debug|x64.Build.0 = Debug|Any CPU
		{B382F337-BF21-9F13-CC54-278908B55261}.Debug|x86.ActiveCfg = Debug|Any CPU
		{B382F337-BF21-9F13-CC54-278908B55261}.Debug|x86.Build.0 = Debug|Any CPU
		{B382F337-BF21-9F13-CC54-278908B55261}.Release|Any CPU.ActiveCfg = Release|Any CPU
		{B382F337-BF21-9F13-CC54-278908B55261}.Release|Any CPU.Build.0 = Release|Any CPU
		{B382F337-BF21-9F13-CC54-278908B55261}.Release|x64.ActiveCfg = Release|Any CPU
		{B382F337-BF21-9F13-CC54-278908B55261}.Release|x64.Build.0 = Release|Any CPU
		{B382F337-BF21-9F13-CC54-278908B55261}.Release|x86.ActiveCfg = Release|Any CPU
		{B382F337-BF21-9F13-CC54-278908B55261}.Release|x86.Build.0 = Release|Any CPU
		{5B2E9B66-00BE-65E7-8FB1-03D670657601}.Debug|Any CPU.ActiveCfg = Debug|Any CPU
		{5B2E9B66-00BE-65E7-8FB1-03D670657601}.Debug|Any CPU.Build.0 = Debug|Any CPU
		{5B2E9B66-00BE-65E7-8FB1-03D670657601}.Debug|x64.ActiveCfg = Debug|Any CPU
		{5B2E9B66-00BE-65E7-8FB1-03D670657601}.Debug|x64.Build.0 = Debug|Any CPU
		{5B2E9B66-00BE-65E7-8FB1-03D670657601}.Debug|x86.ActiveCfg = Debug|Any CPU
		{5B2E9B66-00BE-65E7-8FB1-03D670657601}.Debug|x86.Build.0 = Debug|Any CPU
		{5B2E9B66-00BE-65E7-8FB1-03D670657601}.Release|Any CPU.ActiveCfg = Release|Any CPU
		{5B2E9B66-00BE-65E7-8FB1-03D670657601}.Release|Any CPU.Build.0 = Release|Any CPU
		{5B2E9B66-00BE-65E7-8FB1-03D670657601}.Release|x64.ActiveCfg = Release|Any CPU
		{5B2E9B66-00BE-65E7-8FB1-03D670657601}.Release|x64.Build.0 = Release|Any CPU
		{5B2E9B66-00BE-65E7-8FB1-03D670657601}.Release|x86.ActiveCfg = Release|Any CPU
		{5B2E9B66-00BE-65E7-8FB1-03D670657601}.Release|x86.Build.0 = Release|Any CPU
		{46BA2CD7-6A98-79B2-9E1B-83A5EDE9013B}.Debug|Any CPU.ActiveCfg = Debug|Any CPU
		{46BA2CD7-6A98-79B2-9E1B-83A5EDE9013B}.Debug|Any CPU.Build.0 = Debug|Any CPU
		{46BA2CD7-6A98-79B2-9E1B-83A5EDE9013B}.Debug|x64.ActiveCfg = Debug|Any CPU
		{46BA2CD7-6A98-79B2-9E1B-83A5EDE9013B}.Debug|x64.Build.0 = Debug|Any CPU
		{46BA2CD7-6A98-79B2-9E1B-83A5EDE9013B}.Debug|x86.ActiveCfg = Debug|Any CPU
		{46BA2CD7-6A98-79B2-9E1B-83A5EDE9013B}.Debug|x86.Build.0 = Debug|Any CPU
		{46BA2CD7-6A98-79B2-9E1B-83A5EDE9013B}.Release|Any CPU.ActiveCfg = Release|Any CPU
		{46BA2CD7-6A98-79B2-9E1B-83A5EDE9013B}.Release|Any CPU.Build.0 = Release|Any CPU
		{46BA2CD7-6A98-79B2-9E1B-83A5EDE9013B}.Release|x64.ActiveCfg = Release|Any CPU
		{46BA2CD7-6A98-79B2-9E1B-83A5EDE9013B}.Release|x64.Build.0 = Release|Any CPU
		{46BA2CD7-6A98-79B2-9E1B-83A5EDE9013B}.Release|x86.ActiveCfg = Release|Any CPU
		{46BA2CD7-6A98-79B2-9E1B-83A5EDE9013B}.Release|x86.Build.0 = Release|Any CPU
		{477945C1-7DF0-6872-A71D-3677630EBA3F}.Debug|Any CPU.ActiveCfg = Debug|Any CPU
		{477945C1-7DF0-6872-A71D-3677630EBA3F}.Debug|Any CPU.Build.0 = Debug|Any CPU
		{477945C1-7DF0-6872-A71D-3677630EBA3F}.Debug|x64.ActiveCfg = Debug|Any CPU
		{477945C1-7DF0-6872-A71D-3677630EBA3F}.Debug|x64.Build.0 = Debug|Any CPU
		{477945C1-7DF0-6872-A71D-3677630EBA3F}.Debug|x86.ActiveCfg = Debug|Any CPU
		{477945C1-7DF0-6872-A71D-3677630EBA3F}.Debug|x86.Build.0 = Debug|Any CPU
		{477945C1-7DF0-6872-A71D-3677630EBA3F}.Release|Any CPU.ActiveCfg = Release|Any CPU
		{477945C1-7DF0-6872-A71D-3677630EBA3F}.Release|Any CPU.Build.0 = Release|Any CPU
		{477945C1-7DF0-6872-A71D-3677630EBA3F}.Release|x64.ActiveCfg = Release|Any CPU
		{477945C1-7DF0-6872-A71D-3677630EBA3F}.Release|x64.Build.0 = Release|Any CPU
		{477945C1-7DF0-6872-A71D-3677630EBA3F}.Release|x86.ActiveCfg = Release|Any CPU
		{477945C1-7DF0-6872-A71D-3677630EBA3F}.Release|x86.Build.0 = Release|Any CPU
	EndGlobalSection
	GlobalSection(SolutionProperties) = preSolution
		HideSolutionNode = FALSE
	EndGlobalSection
	GlobalSection(ExtensibilityGlobals) = postSolution
		SolutionGuid = {85E9F188-7231-45D7-88F0-FCAB57A32382}
	EndGlobalSection
EndGlobal
